// !$*UTF8*$!
{
	archiveVersion = 1;
	classes = {
	};
	objectVersion = 50;
	objects = {

/* Begin PBXBuildFile section */
		BD0A2620208238FF0066EFDC /* AppDelegate.swift in Sources */ = {isa = PBXBuildFile; fileRef = BD0A261F208238FF0066EFDC /* AppDelegate.swift */; };
		BD0A2622208238FF0066EFDC /* ShapeViewController.swift in Sources */ = {isa = PBXBuildFile; fileRef = BD0A2621208238FF0066EFDC /* ShapeViewController.swift */; };
		BD0A2625208238FF0066EFDC /* Main.storyboard in Resources */ = {isa = PBXBuildFile; fileRef = BD0A2623208238FF0066EFDC /* Main.storyboard */; };
		BD0A2627208239000066EFDC /* Assets.xcassets in Resources */ = {isa = PBXBuildFile; fileRef = BD0A2626208239000066EFDC /* Assets.xcassets */; };
		BD0A262A208239000066EFDC /* LaunchScreen.storyboard in Resources */ = {isa = PBXBuildFile; fileRef = BD0A2628208239000066EFDC /* LaunchScreen.storyboard */; };
		BD0A263220823B910066EFDC /* UIBezier+Extension.swift in Sources */ = {isa = PBXBuildFile; fileRef = BD0A263120823B910066EFDC /* UIBezier+Extension.swift */; };
		BD0A263620823DE50066EFDC /* Utils.swift in Sources */ = {isa = PBXBuildFile; fileRef = BD0A263520823DE50066EFDC /* Utils.swift */; };
/* End PBXBuildFile section */

/* Begin PBXFileReference section */
		BD0A261C208238FF0066EFDC /* CAShapeLayers.app */ = {isa = PBXFileReference; explicitFileType = wrapper.application; includeInIndex = 0; path = CAShapeLayers.app; sourceTree = BUILT_PRODUCTS_DIR; };
		BD0A261F208238FF0066EFDC /* AppDelegate.swift */ = {isa = PBXFileReference; lastKnownFileType = sourcecode.swift; path = AppDelegate.swift; sourceTree = "<group>"; };
		BD0A2621208238FF0066EFDC /* ShapeViewController.swift */ = {isa = PBXFileReference; lastKnownFileType = sourcecode.swift; path = ShapeViewController.swift; sourceTree = "<group>"; };
		BD0A2624208238FF0066EFDC /* Base */ = {isa = PBXFileReference; lastKnownFileType = file.storyboard; name = Base; path = Base.lproj/Main.storyboard; sourceTree = "<group>"; };
		BD0A2626208239000066EFDC /* Assets.xcassets */ = {isa = PBXFileReference; lastKnownFileType = folder.assetcatalog; path = Assets.xcassets; sourceTree = "<group>"; };
		BD0A2629208239000066EFDC /* Base */ = {isa = PBXFileReference; lastKnownFileType = file.storyboard; name = Base; path = Base.lproj/LaunchScreen.storyboard; sourceTree = "<group>"; };
		BD0A262B208239000066EFDC /* Info.plist */ = {isa = PBXFileReference; lastKnownFileType = text.plist.xml; path = Info.plist; sourceTree = "<group>"; };
		BD0A263120823B910066EFDC /* UIBezier+Extension.swift */ = {isa = PBXFileReference; lastKnownFileType = sourcecode.swift; path = "UIBezier+Extension.swift"; sourceTree = "<group>"; };
		BD0A263520823DE50066EFDC /* Utils.swift */ = {isa = PBXFileReference; lastKnownFileType = sourcecode.swift; path = Utils.swift; sourceTree = "<group>"; };
/* End PBXFileReference section */

/* Begin PBXFrameworksBuildPhase section */
		BD0A2619208238FF0066EFDC /* Frameworks */ = {
			isa = PBXFrameworksBuildPhase;
			buildActionMask = 2147483647;
			files = (
			);
			runOnlyForDeploymentPostprocessing = 0;
		};
/* End PBXFrameworksBuildPhase section */

/* Begin PBXGroup section */
		BD0A2613208238FF0066EFDC = {
			isa = PBXGroup;
			children = (
				BD0A261E208238FF0066EFDC /* CAShapeLayers */,
				BD0A261D208238FF0066EFDC /* Products */,
			);
			sourceTree = "<group>";
		};
		BD0A261D208238FF0066EFDC /* Products */ = {
			isa = PBXGroup;
			children = (
				BD0A261C208238FF0066EFDC /* CAShapeLayers.app */,
			);
			name = Products;
			sourceTree = "<group>";
		};
		BD0A261E208238FF0066EFDC /* CAShapeLayers */ = {
			isa = PBXGroup;
			children = (
				BD0A261F208238FF0066EFDC /* AppDelegate.swift */,
				BD0A263320823DD10066EFDC /* Controller */,
				BD0A263420823DD90066EFDC /* Extension */,
				BD0A263720823E070066EFDC /* Resources */,
				BD0A262B208239000066EFDC /* Info.plist */,
			);
			path = CAShapeLayers;
			sourceTree = "<group>";
		};
		BD0A263320823DD10066EFDC /* Controller */ = {
			isa = PBXGroup;
			children = (
				BD0A2621208238FF0066EFDC /* ShapeViewController.swift */,
			);
			path = Controller;
			sourceTree = "<group>";
		};
		BD0A263420823DD90066EFDC /* Extension */ = {
			isa = PBXGroup;
			children = (
				BD0A263120823B910066EFDC /* UIBezier+Extension.swift */,
				BD0A263520823DE50066EFDC /* Utils.swift */,
			);
			path = Extension;
			sourceTree = "<group>";
		};
		BD0A263720823E070066EFDC /* Resources */ = {
			isa = PBXGroup;
			children = (
				BD0A2623208238FF0066EFDC /* Main.storyboard */,
				BD0A2626208239000066EFDC /* Assets.xcassets */,
				BD0A2628208239000066EFDC /* LaunchScreen.storyboard */,
			);
			path = Resources;
			sourceTree = "<group>";
		};
/* End PBXGroup section */

/* Begin PBXNativeTarget section */
		BD0A261B208238FF0066EFDC /* CAShapeLayers */ = {
			isa = PBXNativeTarget;
			buildConfigurationList = BD0A262E208239000066EFDC /* Build configuration list for PBXNativeTarget "CAShapeLayers" */;
			buildPhases = (
				BD0A2618208238FF0066EFDC /* Sources */,
				BD0A2619208238FF0066EFDC /* Frameworks */,
				BD0A261A208238FF0066EFDC /* Resources */,
			);
			buildRules = (
			);
			dependencies = (
			);
			name = CAShapeLayers;
			productName = CAShapeLayers;
			productReference = BD0A261C208238FF0066EFDC /* CAShapeLayers.app */;
			productType = "com.apple.product-type.application";
		};
/* End PBXNativeTarget section */

/* Begin PBXProject section */
		BD0A2614208238FF0066EFDC /* Project object */ = {
			isa = PBXProject;
			attributes = {
				LastSwiftUpdateCheck = 0930;
				LastUpgradeCheck = 0930;
				ORGANIZATIONNAME = RTK;
				TargetAttributes = {
					BD0A261B208238FF0066EFDC = {
						CreatedOnToolsVersion = 9.3;
					};
				};
			};
			buildConfigurationList = BD0A2617208238FF0066EFDC /* Build configuration list for PBXProject "CAShapeLayers" */;
			compatibilityVersion = "Xcode 9.3";
			developmentRegion = en;
			hasScannedForEncodings = 0;
			knownRegions = (
				en,
				Base,
			);
			mainGroup = BD0A2613208238FF0066EFDC;
			productRefGroup = BD0A261D208238FF0066EFDC /* Products */;
			projectDirPath = "";
			projectRoot = "";
			targets = (
				BD0A261B208238FF0066EFDC /* CAShapeLayers */,
			);
		};
/* End PBXProject section */

/* Begin PBXResourcesBuildPhase section */
		BD0A261A208238FF0066EFDC /* Resources */ = {
			isa = PBXResourcesBuildPhase;
			buildActionMask = 2147483647;
			files = (
				BD0A262A208239000066EFDC /* LaunchScreen.storyboard in Resources */,
				BD0A2627208239000066EFDC /* Assets.xcassets in Resources */,
				BD0A2625208238FF0066EFDC /* Main.storyboard in Resources */,
			);
			runOnlyForDeploymentPostprocessing = 0;
		};
/* End PBXResourcesBuildPhase section */

/* Begin PBXSourcesBuildPhase section */
		BD0A2618208238FF0066EFDC /* Sources */ = {
			isa = PBXSourcesBuildPhase;
			buildActionMask = 2147483647;
			files = (
				BD0A263220823B910066EFDC /* UIBezier+Extension.swift in Sources */,
				BD0A263620823DE50066EFDC /* Utils.swift in Sources */,
				BD0A2622208238FF0066EFDC /* ShapeViewController.swift in Sources */,
				BD0A2620208238FF0066EFDC /* AppDelegate.swift in Sources */,
			);
			runOnlyForDeploymentPostprocessing = 0;
		};
/* End PBXSourcesBuildPhase section */

/* Begin PBXVariantGroup section */
		BD0A2623208238FF0066EFDC /* Main.storyboard */ = {
			isa = PBXVariantGroup;
			children = (
				BD0A2624208238FF0066EFDC /* Base */,
			);
			name = Main.storyboard;
			sourceTree = "<group>";
		};
		BD0A2628208239000066EFDC /* LaunchScreen.storyboard */ = {
			isa = PBXVariantGroup;
			children = (
				BD0A2629208239000066EFDC /* Base */,
			);
			name = LaunchScreen.storyboard;
			sourceTree = "<group>";
		};
/* End PBXVariantGroup section */

/* Begin XCBuildConfiguration section */
		BD0A262C208239000066EFDC /* Debug */ = {
			isa = XCBuildConfiguration;
			buildSettings = {
				ALWAYS_SEARCH_USER_PATHS = NO;
				CLANG_ANALYZER_NONNULL = YES;
				CLANG_ANALYZER_NUMBER_OBJECT_CONVERSION = YES_AGGRESSIVE;
				CLANG_CXX_LANGUAGE_STANDARD = "gnu++14";
				CLANG_CXX_LIBRARY = "libc++";
				CLANG_ENABLE_MODULES = YES;
				CLANG_ENABLE_OBJC_ARC = YES;
				CLANG_ENABLE_OBJC_WEAK = YES;
				CLANG_WARN_BLOCK_CAPTURE_AUTORELEASING = YES;
				CLANG_WARN_BOOL_CONVERSION = YES;
				CLANG_WARN_COMMA = YES;
				CLANG_WARN_CONSTANT_CONVERSION = YES;
				CLANG_WARN_DEPRECATED_OBJC_IMPLEMENTATIONS = YES;
				CLANG_WARN_DIRECT_OBJC_ISA_USAGE = YES_ERROR;
				CLANG_WARN_DOCUMENTATION_COMMENTS = YES;
				CLANG_WARN_EMPTY_BODY = YES;
				CLANG_WARN_ENUM_CONVERSION = YES;
				CLANG_WARN_INFINITE_RECURSION = YES;
				CLANG_WARN_INT_CONVERSION = YES;
				CLANG_WARN_NON_LITERAL_NULL_CONVERSION = YES;
				CLANG_WARN_OBJC_IMPLICIT_RETAIN_SELF = YES;
				CLANG_WARN_OBJC_LITERAL_CONVERSION = YES;
				CLANG_WARN_OBJC_ROOT_CLASS = YES_ERROR;
				CLANG_WARN_RANGE_LOOP_ANALYSIS = YES;
				CLANG_WARN_STRICT_PROTOTYPES = YES;
				CLANG_WARN_SUSPICIOUS_MOVE = YES;
				CLANG_WARN_UNGUARDED_AVAILABILITY = YES_AGGRESSIVE;
				CLANG_WARN_UNREACHABLE_CODE = YES;
				CLANG_WARN__DUPLICATE_METHOD_MATCH = YES;
				CODE_SIGN_IDENTITY = "iPhone Developer";
				COPY_PHASE_STRIP = NO;
				DEBUG_INFORMATION_FORMAT = dwarf;
				ENABLE_STRICT_OBJC_MSGSEND = YES;
				ENABLE_TESTABILITY = YES;
				GCC_C_LANGUAGE_STANDARD = gnu11;
				GCC_DYNAMIC_NO_PIC = NO;
				GCC_NO_COMMON_BLOCKS = YES;
				GCC_OPTIMIZATION_LEVEL = 0;
				GCC_PREPROCESSOR_DEFINITIONS = (
					"DEBUG=1",
					"$(inherited)",
				);
				GCC_WARN_64_TO_32_BIT_CONVERSION = YES;
				GCC_WARN_ABOUT_RETURN_TYPE = YES_ERROR;
				GCC_WARN_UNDECLARED_SELECTOR = YES;
				GCC_WARN_UNINITIALIZED_AUTOS = YES_AGGRESSIVE;
				GCC_WARN_UNUSED_FUNCTION = YES;
				GCC_WARN_UNUSED_VARIABLE = YES;
				IPHONEOS_DEPLOYMENT_TARGET = 11.3;
				MTL_ENABLE_DEBUG_INFO = YES;
				ONLY_ACTIVE_ARCH = YES;
				SDKROOT = iphoneos;
				SWIFT_ACTIVE_COMPILATION_CONDITIONS = DEBUG;
				SWIFT_OPTIMIZATION_LEVEL = "-Onone";
			};
			name = Debug;
		};
		BD0A262D208239000066EFDC /* Release */ = {
			isa = XCBuildConfiguration;
			buildSettings = {
				ALWAYS_SEARCH_USER_PATHS = NO;
				CLANG_ANALYZER_NONNULL = YES;
				CLANG_ANALYZER_NUMBER_OBJECT_CONVERSION = YES_AGGRESSIVE;
				CLANG_CXX_LANGUAGE_STANDARD = "gnu++14";
				CLANG_CXX_LIBRARY = "libc++";
				CLANG_ENABLE_MODULES = YES;
				CLANG_ENABLE_OBJC_ARC = YES;
				CLANG_ENABLE_OBJC_WEAK = YES;
				CLANG_WARN_BLOCK_CAPTURE_AUTORELEASING = YES;
				CLANG_WARN_BOOL_CONVERSION = YES;
				CLANG_WARN_COMMA = YES;
				CLANG_WARN_CONSTANT_CONVERSION = YES;
				CLANG_WARN_DEPRECATED_OBJC_IMPLEMENTATIONS = YES;
				CLANG_WARN_DIRECT_OBJC_ISA_USAGE = YES_ERROR;
				CLANG_WARN_DOCUMENTATION_COMMENTS = YES;
				CLANG_WARN_EMPTY_BODY = YES;
				CLANG_WARN_ENUM_CONVERSION = YES;
				CLANG_WARN_INFINITE_RECURSION = YES;
				CLANG_WARN_INT_CONVERSION = YES;
				CLANG_WARN_NON_LITERAL_NULL_CONVERSION = YES;
				CLANG_WARN_OBJC_IMPLICIT_RETAIN_SELF = YES;
				CLANG_WARN_OBJC_LITERAL_CONVERSION = YES;
				CLANG_WARN_OBJC_ROOT_CLASS = YES_ERROR;
				CLANG_WARN_RANGE_LOOP_ANALYSIS = YES;
				CLANG_WARN_STRICT_PROTOTYPES = YES;
				CLANG_WARN_SUSPICIOUS_MOVE = YES;
				CLANG_WARN_UNGUARDED_AVAILABILITY = YES_AGGRESSIVE;
				CLANG_WARN_UNREACHABLE_CODE = YES;
				CLANG_WARN__DUPLICATE_METHOD_MATCH = YES;
				CODE_SIGN_IDENTITY = "iPhone Developer";
				COPY_PHASE_STRIP = NO;
				DEBUG_INFORMATION_FORMAT = "dwarf-with-dsym";
				ENABLE_NS_ASSERTIONS = NO;
				ENABLE_STRICT_OBJC_MSGSEND = YES;
				GCC_C_LANGUAGE_STANDARD = gnu11;
				GCC_NO_COMMON_BLOCKS = YES;
				GCC_WARN_64_TO_32_BIT_CONVERSION = YES;
				GCC_WARN_ABOUT_RETURN_TYPE = YES_ERROR;
				GCC_WARN_UNDECLARED_SELECTOR = YES;
				GCC_WARN_UNINITIALIZED_AUTOS = YES_AGGRESSIVE;
				GCC_WARN_UNUSED_FUNCTION = YES;
				GCC_WARN_UNUSED_VARIABLE = YES;
				IPHONEOS_DEPLOYMENT_TARGET = 11.3;
				MTL_ENABLE_DEBUG_INFO = NO;
				SDKROOT = iphoneos;
				SWIFT_COMPILATION_MODE = wholemodule;
				SWIFT_OPTIMIZATION_LEVEL = "-O";
				VALIDATE_PRODUCT = YES;
			};
			name = Release;
		};
		BD0A262F208239000066EFDC /* Debug */ = {
			isa = XCBuildConfiguration;
			buildSettings = {
				ASSETCATALOG_COMPILER_APPICON_NAME = AppIcon;
				CODE_SIGN_STYLE = Automatic;
				DEVELOPMENT_TEAM = NNHRRF86PU;
				INFOPLIST_FILE = CAShapeLayers/Info.plist;
				LD_RUNPATH_SEARCH_PATHS = (
					"$(inherited)",
					"@executable_path/Frameworks",
				);
				PRODUCT_BUNDLE_IDENTIFIER = com.RTK.CAShapeLayers;
				PRODUCT_NAME = "$(TARGET_NAME)";
				SWIFT_VERSION = 4.0;
				TARGETED_DEVICE_FAMILY = "1,2";
			};
			name = Debug;
		};
		BD0A2630208239000066EFDC /* Release */ = {
			isa = XCBuildConfiguration;
			buildSettings = {
				ASSETCATALOG_COMPILER_APPICON_NAME = AppIcon;
				CODE_SIGN_STYLE = Automatic;
				DEVELOPMENT_TEAM = NNHRRF86PU;
				INFOPLIST_FILE = CAShapeLayers/Info.plist;
				LD_RUNPATH_SEARCH_PATHS = (
					"$(inherited)",
					"@executable_path/Frameworks",
				);
				PRODUCT_BUNDLE_IDENTIFIER = com.RTK.CAShapeLayers;
				PRODUCT_NAME = "$(TARGET_NAME)";
				SWIFT_VERSION = 4.0;
				TARGETED_DEVICE_FAMILY = "1,2";
			};
			name = Release;
		};
/* End XCBuildConfiguration section */

/* Begin XCConfigurationList section */
		BD0A2617208238FF0066EFDC /* Build configuration list for PBXProject "CAShapeLayers" */ = {
			isa = XCConfigurationList;
			buildConfigurations = (
				BD0A262C208239000066EFDC /* Debug */,
				BD0A262D208239000066EFDC /* Release */,
			);
			defaultConfigurationIsVisible = 0;
			defaultConfigurationName = Release;
		};
		BD0A262E208239000066EFDC /* Build configuration list for PBXNativeTarget "CAShapeLayers" */ = {
			isa = XCConfigurationList;
			buildConfigurations = (
				BD0A262F208239000066EFDC /* Debug */,
				BD0A2630208239000066EFDC /* Release */,
			);
			defaultConfigurationIsVisible = 0;
			defaultConfigurationName = Release;
		};
/* End XCConfigurationList section */
	};
	rootObject = BD0A2614208238FF0066EFDC /* Project object */;
}
